
Microsoft Visual Studio Solution File, Format Version 12.00
# Visual Studio Version 17
VisualStudioVersion = 17.9.34607.119
MinimumVisualStudioVersion = 10.0.40219.1
Project("{9A19103F-16F7-4668-BE54-9A1E7A4F7556}") = "DAL", "DAL\DAL.csproj", "{2D985853-0DE8-44E5-AACF-E3335B54F070}"
EndProject
Project("{9A19103F-16F7-4668-BE54-9A1E7A4F7556}") = "SL", "SL\SL.csproj", "{2C5D95D1-2A45-4601-8FF4-96C106A70B94}"
EndProject
Project("{9A19103F-16F7-4668-BE54-9A1E7A4F7556}") = "CL", "CL\CL.csproj", "{BAED2F8D-48B3-48C8-9E66-2FBBFA85E932}"
EndProject
Project("{9A19103F-16F7-4668-BE54-9A1E7A4F7556}") = "Shared", "Shared\Shared.csproj", "{C7A059BA-FD9E-4B29-A65E-96242BBE8DCE}"
EndProject
Project("{9A19103F-16F7-4668-BE54-9A1E7A4F7556}") = "ClientApp", "ClientApp\ClientApp.csproj", "{3108A7BA-24EB-4AA0-9AC6-6685B36F36B7}"
EndProject
Global
	GlobalSection(SolutionConfigurationPlatforms) = preSolution
		Debug|Any CPU = Debug|Any CPU
		Release|Any CPU = Release|Any CPU
	EndGlobalSection
	GlobalSection(ProjectConfigurationPlatforms) = postSolution
		{2D985853-0DE8-44E5-AACF-E3335B54F070}.Debug|Any CPU.ActiveCfg = Debug|Any CPU
		{2D985853-0DE8-44E5-AACF-E3335B54F070}.Debug|Any CPU.Build.0 = Debug|Any CPU
		{2D985853-0DE8-44E5-AACF-E3335B54F070}.Release|Any CPU.ActiveCfg = Release|Any CPU
		{2D985853-0DE8-44E5-AACF-E3335B54F070}.Release|Any CPU.Build.0 = Release|Any CPU
		{2C5D95D1-2A45-4601-8FF4-96C106A70B94}.Debug|Any CPU.ActiveCfg = Debug|Any CPU
		{2C5D95D1-2A45-4601-8FF4-96C106A70B94}.Debug|Any CPU.Build.0 = Debug|Any CPU
		{2C5D95D1-2A45-4601-8FF4-96C106A70B94}.Release|Any CPU.ActiveCfg = Release|Any CPU
		{2C5D95D1-2A45-4601-8FF4-96C106A70B94}.Release|Any CPU.Build.0 = Release|Any CPU
		{BAED2F8D-48B3-48C8-9E66-2FBBFA85E932}.Debug|Any CPU.ActiveCfg = Debug|Any CPU
		{BAED2F8D-48B3-48C8-9E66-2FBBFA85E932}.Debug|Any CPU.Build.0 = Debug|Any CPU
		{BAED2F8D-48B3-48C8-9E66-2FBBFA85E932}.Release|Any CPU.ActiveCfg = Release|Any CPU
		{BAED2F8D-48B3-48C8-9E66-2FBBFA85E932}.Release|Any CPU.Build.0 = Release|Any CPU
		{C7A059BA-FD9E-4B29-A65E-96242BBE8DCE}.Debug|Any CPU.ActiveCfg = Debug|Any CPU
		{C7A059BA-FD9E-4B29-A65E-96242BBE8DCE}.Debug|Any CPU.Build.0 = Debug|Any CPU
		{C7A059BA-FD9E-4B29-A65E-96242BBE8DCE}.Release|Any CPU.ActiveCfg = Release|Any CPU
		{C7A059BA-FD9E-4B29-A65E-96242BBE8DCE}.Release|Any CPU.Build.0 = Release|Any CPU
		{3108A7BA-24EB-4AA0-9AC6-6685B36F36B7}.Debug|Any CPU.ActiveCfg = Debug|Any CPU
		{3108A7BA-24EB-4AA0-9AC6-6685B36F36B7}.Debug|Any CPU.Build.0 = Debug|Any CPU
		{3108A7BA-24EB-4AA0-9AC6-6685B36F36B7}.Release|Any CPU.ActiveCfg = Release|Any CPU
		{3108A7BA-24EB-4AA0-9AC6-6685B36F36B7}.Release|Any CPU.Build.0 = Release|Any CPU
	EndGlobalSection
	GlobalSection(SolutionProperties) = preSolution
		HideSolutionNode = FALSE
	EndGlobalSection
	GlobalSection(ExtensibilityGlobals) = postSolution
		SolutionGuid = {A6AEA60C-2192-494E-A04C-C87CDECD41A8}
	EndGlobalSection
EndGlobal
